{
  "version": 2,
  "dependencies": {
    "net10.0": {
      "Microsoft.Agents.AI": {
        "type": "Direct",
        "requested": "[1.19.0, )",
        "resolved": "1.19.0",
        "contentHash": "t8scDj5Qx0xUT8owJdUYBIwlEbSUBpYFAhtf0nfhERSWi3IQ8637gfOuZsvW3IIRsUSjq966fOgrJXjBp6R22A==",
        "dependencies": {
          "Microsoft.Agents.AI.Abstractions": "1.19.0",
          "Microsoft.Extensions.AI": "10.9.0",
          "Microsoft.Extensions.AI.Abstractions": "10.9.0",
          "Microsoft.Extensions.AI.Evaluation": "10.9.0",
          "Microsoft.Extensions.Compliance.Abstractions": "10.5.0",
          "Microsoft.Extensions.DependencyInjection.Abstractions": "10.0.11",
          "Microsoft.Extensions.FileSystemGlobbing": "10.0.6",
          "Microsoft.Extensions.Logging.Abstractions": "10.0.11",
          "Microsoft.Extensions.VectorData.Abstractions": "10.7.0",
          "Microsoft.ML.Tokenizers": "2.0.0"
        }
      },
      "Microsoft.Extensions.AI": {
        "type": "Direct",
        "requested": "[10.9.0, )",
        "resolved": "10.9.0",
        "contentHash": "ymREzi/+uQ9KL0d0ir3FXHUb/XLHyLYcJYH/7A/uO6rg6Km8hUk++nMRG4/gDpDYrrU6s6YIpSDTexofexMGRg==",
        "dependencies": {
          "Microsoft.Extensions.AI.Abstractions": "10.9.0",
          "Microsoft.Extensions.Caching.Abstractions": "10.0.11",
          "Microsoft.Extensions.DependencyInjection.Abstractions": "10.0.11",
          "Microsoft.Extensions.Logging.Abstractions": "10.0.11",
          "System.Numerics.Tensors": "10.0.11"
        }
      },
      "Google.Protobuf": {
        "type": "Transitive",
        "resolved": "3.30.2",
        "contentHash": "Y2aOVLIt75yeeEWigg9V9YnjsEm53sADtLGq0gLhwaXpk3iu8tYSoauolyhenagA2sWno2TQ2WujI0HQd6s1Vw=="
      },
      "Microsoft.Agents.AI.Abstractions": {
        "type": "Transitive",
        "resolved": "1.19.0",
        "contentHash": "Aw/MMRWjuics4Ryuv3qqj7Bvrv8KCQmKI7X5EQLoR77YJE4gpD8lOh/6GkLzWS1kZwyA1T04V7jgCMw2DCVyEQ==",
        "dependencies": {
          "Microsoft.Extensions.AI.Abstractions": "10.9.0"
        }
      },
      "Microsoft.Extensions.AI.Abstractions": {
        "type": "Transitive",
        "resolved": "10.9.0",
        "contentHash": "//nASHMCJVxnYfE/WSzfaLOao6/q816kPpgB9rxU0gfSmAny1u3rfQT0D4xAmcIo4yQqJs7rAeBB+M/dIMdZYA=="
      },
      "Microsoft.Extensions.Caching.Abstractions": {
        "type": "Transitive",
        "resolved": "10.0.11",
        "contentHash": "vUl798SmruTqqlt/xH2gDk3tJlhk6k3HdOXAHirlRfbNKDym4g/kRpUL9S4sl6F6FsOTOMW+ZsDapqlZMOOiEw==",
        "dependencies": {
          "Microsoft.Extensions.Primitives": "10.0.11"
        }
      },
      "Microsoft.Extensions.Compliance.Abstractions": {
        "type": "Transitive",
        "resolved": "10.5.0",
        "contentHash": "xbWZji13Vb2jDJNtwVrKpI09jd8x3n3fL+GzhiLK+8O5Wc2A+GyqCZalST2fV46Pf0QfCwkXf83y+3/rDkCd7A==",
        "dependencies": {
          "Microsoft.Extensions.DependencyInjection.Abstractions": "10.0.6",
          "Microsoft.Extensions.ObjectPool": "10.0.6"
        }
      },
      "Microsoft.Extensions.DependencyInjection.Abstractions": {
        "type": "Transitive",
        "resolved": "10.0.11",
        "contentHash": "/a1aJz4m7ylhEDf25ugQChLQoN5XwoGjWw/BoR/ZWWKsO1v4DdJElS1uyngahz4B/eOzjFk1KNTkarRLE5wsIg=="
      },
      "Microsoft.Extensions.FileSystemGlobbing": {
        "type": "Transitive",
        "resolved": "10.0.6",
        "contentHash": "EG9GuYJlj1o1G8maSpKceZdj88OehKFRWaWp8BWUQWlvIJDWD8N0sIYDoRMGL/yX85H8KbVYPR9+dH/UjPEiKw=="
      },
      "Microsoft.Extensions.Logging.Abstractions": {
        "type": "Transitive",
        "resolved": "10.0.11",
        "contentHash": "Ljd0Uxoq5XpScD2Bg0nM/r3mwx7Ao5Uq24eo2ARxbGvqJ7Zht6rt2cJtwVRH4Cv+1ZVMdXz6TB43KbpmsxRrvQ==",
        "dependencies": {
          "Microsoft.Extensions.DependencyInjection.Abstractions": "10.0.11"
        }
      },
      "Microsoft.Extensions.ObjectPool": {
        "type": "Transitive",
        "resolved": "10.0.6",
        "contentHash": "2Jafd4fdxxiwiQ08mcF+Lf3vqikkQZusGVThOKZNSmPDceGk4IwkjeHL7OEb9Ov8q9ICY5wofL98CS153K5VvQ=="
      },
      "Microsoft.Extensions.Primitives": {
        "type": "Transitive",
        "resolved": "10.0.11",
        "contentHash": "SXcz+kF+4Oo9b1+55zntpJFYfwb1jw66ioxptyNOOTDc8g2FHnBFWjZpsWfCvZIhzr0x+4e2trVTs4OKwQfBtw=="
      },
      "Microsoft.Extensions.VectorData.Abstractions": {
        "type": "Transitive",
        "resolved": "10.7.0",
        "contentHash": "eh0JLxoztc9Wz7TrFVRQyotMY9CBh2t22lMPvzy61yaBDDFBsrisrFOD4NId2z/ujwsHVKDtyfDb9tkXwSV5Vw==",
        "dependencies": {
          "Microsoft.Extensions.AI.Abstractions": "10.7.0"
        }
      },
      "Microsoft.ML.Tokenizers": {
        "type": "Transitive",
        "resolved": "2.0.0",
        "contentHash": "+b8lT4cLLO/sBR2hjvE/qG6qrZG15h7/PBvnIrzTh4xDaAxdHUY6449rC+1pHzQUsBiCHZVbj+VMn+xS0sL7TA==",
        "dependencies": {
          "Google.Protobuf": "3.30.2"
        }
      },
      "System.Numerics.Tensors": {
        "type": "Transitive",
        "resolved": "10.0.11",
        "contentHash": "4jNNt67NhCqf3bf2FN0mrsC+EH60L7Sny6poqVeiviB27Kw7TQzMmgn8HIaPc8E9EcuGusUyfeu21gLfzcBpDA=="
      },
      "fadada.certificationqueryagent.application": {
        "type": "Project",
        "dependencies": {
          "Fadada.CertificationQueryAgent.Domain": "[1.0.0, )"
        }
      },
      "fadada.certificationqueryagent.domain": {
        "type": "Project"
      },
      "Microsoft.Extensions.AI.Evaluation": {
        "type": "CentralTransitive",
        "requested": "[10.9.0, )",
        "resolved": "10.9.0",
        "contentHash": "X1W8yH63os/Me/5+ipZLmgRXjZJDJ1kUHxYRWxqP3c/DezHfSHD+Qf5nKgN1EHIY9GYqkIBTvtPEC8Hs+t4KBQ==",
        "dependencies": {
          "Microsoft.Extensions.AI.Abstractions": "10.9.0"
        }
      }
    }
  }
}